
Microsoft Visual Studio Solution File, Format Version 12.00
# Visual Studio Version 17
VisualStudioVersion = 17.10.35027.167
MinimumVisualStudioVersion = 10.0.40219.1
Project("{FAE04EC0-301F-11D3-BF4B-00C04F79EFBC}") = "RangoAgil.API", "RangoAgil.API\RangoAgil.API.csproj", "{5E7E0F9E-9220-493A-9DDF-42E7B5A1D8B5}"
EndProject
Global
	GlobalSection(SolutionConfigurationPlatforms) = preSolution
		Debug|Any CPU = Debug|Any CPU
		Release|Any CPU = Release|Any CPU
	EndGlobalSection
	GlobalSection(ProjectConfigurationPlatforms) = postSolution
		{5E7E0F9E-9220-493A-9DDF-42E7B5A1D8B5}.Debug|Any CPU.ActiveCfg = Debug|Any CPU
		{5E7E0F9E-9220-493A-9DDF-42E7B5A1D8B5}.Debug|Any CPU.Build.0 = Debug|Any CPU
		{5E7E0F9E-9220-493A-9DDF-42E7B5A1D8B5}.Release|Any CPU.ActiveCfg = Release|Any CPU
		{5E7E0F9E-9220-493A-9DDF-42E7B5A1D8B5}.Release|Any CPU.Build.0 = Release|Any CPU
	EndGlobalSection
	GlobalSection(SolutionProperties) = preSolution
		HideSolutionNode = FALSE
	EndGlobalSection
	GlobalSection(ExtensibilityGlobals) = postSolution
		SolutionGuid = {138F31F2-8B0C-4C70-91F5-57EA77D98B5D}
	EndGlobalSection
EndGlobal
