
Microsoft Visual Studio Solution File, Format Version 12.00
# Visual Studio Version 17
VisualStudioVersion = 17.11.35312.102
MinimumVisualStudioVersion = 10.0.40219.1
Project("{FAE04EC0-301F-11D3-BF4B-00C04F79EFBC}") = "RangoAgil.API", "RangoAgil.API\RangoAgil.API.csproj", "{8D94421E-6863-45B0-83A9-A6DFBA008B86}"
EndProject
Global
	GlobalSection(SolutionConfigurationPlatforms) = preSolution
		Debug|Any CPU = Debug|Any CPU
		Release|Any CPU = Release|Any CPU
	EndGlobalSection
	GlobalSection(ProjectConfigurationPlatforms) = postSolution
		{8D94421E-6863-45B0-83A9-A6DFBA008B86}.Debug|Any CPU.ActiveCfg = Debug|Any CPU
		{8D94421E-6863-45B0-83A9-A6DFBA008B86}.Debug|Any CPU.Build.0 = Debug|Any CPU
		{8D94421E-6863-45B0-83A9-A6DFBA008B86}.Release|Any CPU.ActiveCfg = Release|Any CPU
		{8D94421E-6863-45B0-83A9-A6DFBA008B86}.Release|Any CPU.Build.0 = Release|Any CPU
	EndGlobalSection
	GlobalSection(SolutionProperties) = preSolution
		HideSolutionNode = FALSE
	EndGlobalSection
	GlobalSection(ExtensibilityGlobals) = postSolution
		SolutionGuid = {6DF430E5-E983-42B8-9462-B4F8201F2CC8}
	EndGlobalSection
EndGlobal
